
Microsoft Visual Studio Solution File, Format Version 12.00
# Visual Studio Version 17
VisualStudioVersion = 17.8.34330.188
MinimumVisualStudioVersion = 10.0.40219.1
Project("{FAE04EC0-301F-11D3-BF4B-00C04F79EFBC}") = "UserCreateReadUpdateDelete", "UserCreateReadUpdateDelete.csproj", "{7E056401-FA8D-4BC6-8742-8D890F412614}"
EndProject
Global
	GlobalSection(SolutionConfigurationPlatforms) = preSolution
		Debug|Any CPU = Debug|Any CPU
		Release|Any CPU = Release|Any CPU
	EndGlobalSection
	GlobalSection(ProjectConfigurationPlatforms) = postSolution
		{7E056401-FA8D-4BC6-8742-8D890F412614}.Debug|Any CPU.ActiveCfg = Debug|Any CPU
		{7E056401-FA8D-4BC6-8742-8D890F412614}.Debug|Any CPU.Build.0 = Debug|Any CPU
		{7E056401-FA8D-4BC6-8742-8D890F412614}.Release|Any CPU.ActiveCfg = Release|Any CPU
		{7E056401-FA8D-4BC6-8742-8D890F412614}.Release|Any CPU.Build.0 = Release|Any CPU
	EndGlobalSection
	GlobalSection(SolutionProperties) = preSolution
		HideSolutionNode = FALSE
	EndGlobalSection
	GlobalSection(ExtensibilityGlobals) = postSolution
		SolutionGuid = {BC254675-3FAB-4DC7-BF61-FF14415FD78C}
	EndGlobalSection
EndGlobal
